// !$*UTF8*$!
{
	archiveVersion = 1;
	classes = {
	};
	objectVersion = 56;
	objects = {

/* Begin PBXBuildFile section */
		84398CEB2B15679100BAB591 /* DummyUser.swift in Sources */ = {isa = PBXBuildFile; fileRef = 84398CEA2B15679100BAB591 /* DummyUser.swift */; };
		84398CED2B156BA800BAB591 /* PostsView.swift in Sources */ = {isa = PBXBuildFile; fileRef = 84398CEC2B156BA800BAB591 /* PostsView.swift */; };
		84398CEF2B156CD800BAB591 /* ProfileView.swift in Sources */ = {isa = PBXBuildFile; fileRef = 84398CEE2B156CD800BAB591 /* ProfileView.swift */; };
		84398CF22B15D66700BAB591 /* ProfileCard.swift in Sources */ = {isa = PBXBuildFile; fileRef = 84398CF12B15D66700BAB591 /* ProfileCard.swift */; };
		84398CF42B15DE5400BAB591 /* UserContents.swift in Sources */ = {isa = PBXBuildFile; fileRef = 84398CF32B15DE5400BAB591 /* UserContents.swift */; };
		84398CF62B1671D200BAB591 /* NewPostView.swift in Sources */ = {isa = PBXBuildFile; fileRef = 84398CF52B1671D200BAB591 /* NewPostView.swift */; };
		84398CF82B1671EC00BAB591 /* Post.swift in Sources */ = {isa = PBXBuildFile; fileRef = 84398CF72B1671EC00BAB591 /* Post.swift */; };
		84398CFA2B16D76700BAB591 /* PostsContainer.swift in Sources */ = {isa = PBXBuildFile; fileRef = 84398CF92B16D76700BAB591 /* PostsContainer.swift */; };
		84398CFC2B16E09200BAB591 /* PostCard.swift in Sources */ = {isa = PBXBuildFile; fileRef = 84398CFB2B16E09200BAB591 /* PostCard.swift */; };
		843EE4DD2B1AFB2A0067A221 /* SearchSongView.swift in Sources */ = {isa = PBXBuildFile; fileRef = 843EE4DC2B1AFB2A0067A221 /* SearchSongView.swift */; };
		843EE4DF2B1B0E180067A221 /* FullGeniusAPIResp.swift in Sources */ = {isa = PBXBuildFile; fileRef = 843EE4DE2B1B0E180067A221 /* FullGeniusAPIResp.swift */; };
		843EE4E12B1B1D700067A221 /* Song.swift in Sources */ = {isa = PBXBuildFile; fileRef = 843EE4E02B1B1D700067A221 /* Song.swift */; };
		846EF76C2B172B730090F4C1 /* MusicEmbed.swift in Sources */ = {isa = PBXBuildFile; fileRef = 846EF76B2B172B730090F4C1 /* MusicEmbed.swift */; };
		84ACAB572B148AEA00199B27 /* LoginState.swift in Sources */ = {isa = PBXBuildFile; fileRef = 84ACAB562B148AEA00199B27 /* LoginState.swift */; };
		84ACAB5B2B148CDD00199B27 /* MainView.swift in Sources */ = {isa = PBXBuildFile; fileRef = 84ACAB5A2B148CDD00199B27 /* MainView.swift */; };
		84B6E68B2B1AEA6000AC5EA8 /* GeniusSvcs.swift in Sources */ = {isa = PBXBuildFile; fileRef = 84B6E68A2B1AEA6000AC5EA8 /* GeniusSvcs.swift */; };
		84BF0C702B12D5A7000433C6 /* GoogleService-Info.plist in Resources */ = {isa = PBXBuildFile; fileRef = 84BF0C6F2B12D5A7000433C6 /* GoogleService-Info.plist */; };
		84BF0C732B12D656000433C6 /* FirebaseAuth in Frameworks */ = {isa = PBXBuildFile; productRef = 84BF0C722B12D656000433C6 /* FirebaseAuth */; };
		84BF0C752B12D656000433C6 /* FirebaseFirestore in Frameworks */ = {isa = PBXBuildFile; productRef = 84BF0C742B12D656000433C6 /* FirebaseFirestore */; };
		84BF0C772B12D656000433C6 /* FirebaseStorage in Frameworks */ = {isa = PBXBuildFile; productRef = 84BF0C762B12D656000433C6 /* FirebaseStorage */; };
		84BF0C7D2B12DE67000433C6 /* LoginView.swift in Sources */ = {isa = PBXBuildFile; fileRef = 84BF0C7C2B12DE67000433C6 /* LoginView.swift */; };
		84BF0C7F2B12F5BB000433C6 /* UIHelpers.swift in Sources */ = {isa = PBXBuildFile; fileRef = 84BF0C7E2B12F5BB000433C6 /* UIHelpers.swift */; };
		84BF0C812B12FAF2000433C6 /* SignupView.swift in Sources */ = {isa = PBXBuildFile; fileRef = 84BF0C802B12FAF2000433C6 /* SignupView.swift */; };
		84BF0C842B131C71000433C6 /* FirebaseFirestoreSwift in Frameworks */ = {isa = PBXBuildFile; productRef = 84BF0C832B131C71000433C6 /* FirebaseFirestoreSwift */; };
		84BF0C862B132085000433C6 /* User.swift in Sources */ = {isa = PBXBuildFile; fileRef = 84BF0C852B132085000433C6 /* User.swift */; };
		84E379152B1FF9A90081C603 /* WindowedProgressView.swift in Sources */ = {isa = PBXBuildFile; fileRef = 84E379142B1FF9A90081C603 /* WindowedProgressView.swift */; };
		84EF26732B12C3160006462E /* sndsApp.swift in Sources */ = {isa = PBXBuildFile; fileRef = 84EF26722B12C3160006462E /* sndsApp.swift */; };
		84EF26752B12C3160006462E /* ContentView.swift in Sources */ = {isa = PBXBuildFile; fileRef = 84EF26742B12C3160006462E /* ContentView.swift */; };
		84EF26792B12C3180006462E /* Assets.xcassets in Resources */ = {isa = PBXBuildFile; fileRef = 84EF26782B12C3180006462E /* Assets.xcassets */; };
		84EF267C2B12C3180006462E /* Preview Assets.xcassets in Resources */ = {isa = PBXBuildFile; fileRef = 84EF267B2B12C3180006462E /* Preview Assets.xcassets */; };
		84EF26862B12C3180006462E /* sndsTests.swift in Sources */ = {isa = PBXBuildFile; fileRef = 84EF26852B12C3180006462E /* sndsTests.swift */; };
		84EF26902B12C3180006462E /* sndsUITests.swift in Sources */ = {isa = PBXBuildFile; fileRef = 84EF268F2B12C3180006462E /* sndsUITests.swift */; };
		84EF26922B12C3180006462E /* sndsUITestsLaunchTests.swift in Sources */ = {isa = PBXBuildFile; fileRef = 84EF26912B12C3180006462E /* sndsUITestsLaunchTests.swift */; };
/* End PBXBuildFile section */

/* Begin PBXContainerItemProxy section */
		84EF26822B12C3180006462E /* PBXContainerItemProxy */ = {
			isa = PBXContainerItemProxy;
			containerPortal = 84EF26672B12C3160006462E /* Project object */;
			proxyType = 1;
			remoteGlobalIDString = 84EF266E2B12C3160006462E;
			remoteInfo = snds;
		};
		84EF268C2B12C3180006462E /* PBXContainerItemProxy */ = {
			isa = PBXContainerItemProxy;
			containerPortal = 84EF26672B12C3160006462E /* Project object */;
			proxyType = 1;
			remoteGlobalIDString = 84EF266E2B12C3160006462E;
			remoteInfo = snds;
		};
/* End PBXContainerItemProxy section */

/* Begin PBXFileReference section */
		84398CEA2B15679100BAB591 /* DummyUser.swift */ = {isa = PBXFileReference; lastKnownFileType = sourcecode.swift; path = DummyUser.swift; sourceTree = "<group>"; };
		84398CEC2B156BA800BAB591 /* PostsView.swift */ = {isa = PBXFileReference; lastKnownFileType = sourcecode.swift; path = PostsView.swift; sourceTree = "<group>"; };
		84398CEE2B156CD800BAB591 /* ProfileView.swift */ = {isa = PBXFileReference; lastKnownFileType = sourcecode.swift; path = ProfileView.swift; sourceTree = "<group>"; };
		84398CF12B15D66700BAB591 /* ProfileCard.swift */ = {isa = PBXFileReference; lastKnownFileType = sourcecode.swift; path = ProfileCard.swift; sourceTree = "<group>"; };
		84398CF32B15DE5400BAB591 /* UserContents.swift */ = {isa = PBXFileReference; lastKnownFileType = sourcecode.swift; path = UserContents.swift; sourceTree = "<group>"; };
		84398CF52B1671D200BAB591 /* NewPostView.swift */ = {isa = PBXFileReference; lastKnownFileType = sourcecode.swift; path = NewPostView.swift; sourceTree = "<group>"; };
		84398CF72B1671EC00BAB591 /* Post.swift */ = {isa = PBXFileReference; lastKnownFileType = sourcecode.swift; path = Post.swift; sourceTree = "<group>"; };
		84398CF92B16D76700BAB591 /* PostsContainer.swift */ = {isa = PBXFileReference; lastKnownFileType = sourcecode.swift; path = PostsContainer.swift; sourceTree = "<group>"; };
		84398CFB2B16E09200BAB591 /* PostCard.swift */ = {isa = PBXFileReference; lastKnownFileType = sourcecode.swift; path = PostCard.swift; sourceTree = "<group>"; };
		843EE4DC2B1AFB2A0067A221 /* SearchSongView.swift */ = {isa = PBXFileReference; lastKnownFileType = sourcecode.swift; path = SearchSongView.swift; sourceTree = "<group>"; };
		843EE4DE2B1B0E180067A221 /* FullGeniusAPIResp.swift */ = {isa = PBXFileReference; lastKnownFileType = sourcecode.swift; path = FullGeniusAPIResp.swift; sourceTree = "<group>"; };
		843EE4E02B1B1D700067A221 /* Song.swift */ = {isa = PBXFileReference; lastKnownFileType = sourcecode.swift; path = Song.swift; sourceTree = "<group>"; };
		846EF76B2B172B730090F4C1 /* MusicEmbed.swift */ = {isa = PBXFileReference; lastKnownFileType = sourcecode.swift; path = MusicEmbed.swift; sourceTree = "<group>"; };
		84ACAB562B148AEA00199B27 /* LoginState.swift */ = {isa = PBXFileReference; lastKnownFileType = sourcecode.swift; path = LoginState.swift; sourceTree = "<group>"; };
		84ACAB5A2B148CDD00199B27 /* MainView.swift */ = {isa = PBXFileReference; lastKnownFileType = sourcecode.swift; path = MainView.swift; sourceTree = "<group>"; };
		84B6E68A2B1AEA6000AC5EA8 /* GeniusSvcs.swift */ = {isa = PBXFileReference; lastKnownFileType = sourcecode.swift; path = GeniusSvcs.swift; sourceTree = "<group>"; };
		84BF0C6F2B12D5A7000433C6 /* GoogleService-Info.plist */ = {isa = PBXFileReference; fileEncoding = 4; lastKnownFileType = text.plist.xml; path = "GoogleService-Info.plist"; sourceTree = "<group>"; };
		84BF0C7C2B12DE67000433C6 /* LoginView.swift */ = {isa = PBXFileReference; lastKnownFileType = sourcecode.swift; path = LoginView.swift; sourceTree = "<group>"; };
		84BF0C7E2B12F5BB000433C6 /* UIHelpers.swift */ = {isa = PBXFileReference; lastKnownFileType = sourcecode.swift; path = UIHelpers.swift; sourceTree = "<group>"; };
		84BF0C802B12FAF2000433C6 /* SignupView.swift */ = {isa = PBXFileReference; lastKnownFileType = sourcecode.swift; path = SignupView.swift; sourceTree = "<group>"; };
		84BF0C852B132085000433C6 /* User.swift */ = {isa = PBXFileReference; lastKnownFileType = sourcecode.swift; path = User.swift; sourceTree = "<group>"; };
		84E379142B1FF9A90081C603 /* WindowedProgressView.swift */ = {isa = PBXFileReference; lastKnownFileType = sourcecode.swift; path = WindowedProgressView.swift; sourceTree = "<group>"; };
		84EF266F2B12C3160006462E /* snds.app */ = {isa = PBXFileReference; explicitFileType = wrapper.application; includeInIndex = 0; path = snds.app; sourceTree = BUILT_PRODUCTS_DIR; };
		84EF26722B12C3160006462E /* sndsApp.swift */ = {isa = PBXFileReference; lastKnownFileType = sourcecode.swift; path = sndsApp.swift; sourceTree = "<group>"; };
		84EF26742B12C3160006462E /* ContentView.swift */ = {isa = PBXFileReference; lastKnownFileType = sourcecode.swift; path = ContentView.swift; sourceTree = "<group>"; };
		84EF26782B12C3180006462E /* Assets.xcassets */ = {isa = PBXFileReference; lastKnownFileType = folder.assetcatalog; path = Assets.xcassets; sourceTree = "<group>"; };
		84EF267B2B12C3180006462E /* Preview Assets.xcassets */ = {isa = PBXFileReference; lastKnownFileType = folder.assetcatalog; path = "Preview Assets.xcassets"; sourceTree = "<group>"; };
		84EF26812B12C3180006462E /* sndsTests.xctest */ = {isa = PBXFileReference; explicitFileType = wrapper.cfbundle; includeInIndex = 0; path = sndsTests.xctest; sourceTree = BUILT_PRODUCTS_DIR; };
		84EF26852B12C3180006462E /* sndsTests.swift */ = {isa = PBXFileReference; lastKnownFileType = sourcecode.swift; path = sndsTests.swift; sourceTree = "<group>"; };
		84EF268B2B12C3180006462E /* sndsUITests.xctest */ = {isa = PBXFileReference; explicitFileType = wrapper.cfbundle; includeInIndex = 0; path = sndsUITests.xctest; sourceTree = BUILT_PRODUCTS_DIR; };
		84EF268F2B12C3180006462E /* sndsUITests.swift */ = {isa = PBXFileReference; lastKnownFileType = sourcecode.swift; path = sndsUITests.swift; sourceTree = "<group>"; };
		84EF26912B12C3180006462E /* sndsUITestsLaunchTests.swift */ = {isa = PBXFileReference; lastKnownFileType = sourcecode.swift; path = sndsUITestsLaunchTests.swift; sourceTree = "<group>"; };
/* End PBXFileReference section */

/* Begin PBXFrameworksBuildPhase section */
		84EF266C2B12C3160006462E /* Frameworks */ = {
			isa = PBXFrameworksBuildPhase;
			buildActionMask = 2147483647;
			files = (
				84BF0C732B12D656000433C6 /* FirebaseAuth in Frameworks */,
				84BF0C752B12D656000433C6 /* FirebaseFirestore in Frameworks */,
				84BF0C772B12D656000433C6 /* FirebaseStorage in Frameworks */,
				84BF0C842B131C71000433C6 /* FirebaseFirestoreSwift in Frameworks */,
			);
			runOnlyForDeploymentPostprocessing = 0;
		};
		84EF267E2B12C3180006462E /* Frameworks */ = {
			isa = PBXFrameworksBuildPhase;
			buildActionMask = 2147483647;
			files = (
			);
			runOnlyForDeploymentPostprocessing = 0;
		};
		84EF26882B12C3180006462E /* Frameworks */ = {
			isa = PBXFrameworksBuildPhase;
			buildActionMask = 2147483647;
			files = (
			);
			runOnlyForDeploymentPostprocessing = 0;
		};
/* End PBXFrameworksBuildPhase section */

/* Begin PBXGroup section */
		84398CF02B15D63700BAB591 /* Components */ = {
			isa = PBXGroup;
			children = (
				84398CF32B15DE5400BAB591 /* UserContents.swift */,
				84398CF12B15D66700BAB591 /* ProfileCard.swift */,
				84398CF92B16D76700BAB591 /* PostsContainer.swift */,
				84398CFB2B16E09200BAB591 /* PostCard.swift */,
				846EF76B2B172B730090F4C1 /* MusicEmbed.swift */,
				84E379142B1FF9A90081C603 /* WindowedProgressView.swift */,
			);
			path = Components;
			sourceTree = "<group>";
		};
		84B6E6882B1AA26600AC5EA8 /* Helpers */ = {
			isa = PBXGroup;
			children = (
				84BF0C7E2B12F5BB000433C6 /* UIHelpers.swift */,
			);
			path = Helpers;
			sourceTree = "<group>";
		};
		84B6E6892B1AEA5200AC5EA8 /* Services */ = {
			isa = PBXGroup;
			children = (
				84B6E68A2B1AEA6000AC5EA8 /* GeniusSvcs.swift */,
				843EE4DE2B1B0E180067A221 /* FullGeniusAPIResp.swift */,
			);
			path = Services;
			sourceTree = "<group>";
		};
		84BF0C782B12DC25000433C6 /* View */ = {
			isa = PBXGroup;
			children = (
				84B6E6882B1AA26600AC5EA8 /* Helpers */,
				84398CF02B15D63700BAB591 /* Components */,
				84BF0C7C2B12DE67000433C6 /* LoginView.swift */,
				84BF0C802B12FAF2000433C6 /* SignupView.swift */,
				84ACAB5A2B148CDD00199B27 /* MainView.swift */,
				84398CEC2B156BA800BAB591 /* PostsView.swift */,
				84398CEE2B156CD800BAB591 /* ProfileView.swift */,
				84398CF52B1671D200BAB591 /* NewPostView.swift */,
				843EE4DC2B1AFB2A0067A221 /* SearchSongView.swift */,
			);
			path = View;
			sourceTree = "<group>";
		};
		84BF0C792B12DC2F000433C6 /* Model */ = {
			isa = PBXGroup;
			children = (
				84BF0C852B132085000433C6 /* User.swift */,
				84398CEA2B15679100BAB591 /* DummyUser.swift */,
				84398CF72B1671EC00BAB591 /* Post.swift */,
				843EE4E02B1B1D700067A221 /* Song.swift */,
			);
			path = Model;
			sourceTree = "<group>";
		};
		84BF0C822B131C71000433C6 /* Frameworks */ = {
			isa = PBXGroup;
			children = (
			);
			name = Frameworks;
			sourceTree = "<group>";
		};
		84EF26662B12C3160006462E = {
			isa = PBXGroup;
			children = (
				84EF26712B12C3160006462E /* snds */,
				84EF26842B12C3180006462E /* sndsTests */,
				84EF268E2B12C3180006462E /* sndsUITests */,
				84EF26702B12C3160006462E /* Products */,
				84BF0C822B131C71000433C6 /* Frameworks */,
			);
			sourceTree = "<group>";
		};
		84EF26702B12C3160006462E /* Products */ = {
			isa = PBXGroup;
			children = (
				84EF266F2B12C3160006462E /* snds.app */,
				84EF26812B12C3180006462E /* sndsTests.xctest */,
				84EF268B2B12C3180006462E /* sndsUITests.xctest */,
			);
			name = Products;
			sourceTree = "<group>";
		};
		84EF26712B12C3160006462E /* snds */ = {
			isa = PBXGroup;
			children = (
				84B6E6892B1AEA5200AC5EA8 /* Services */,
				84BF0C792B12DC2F000433C6 /* Model */,
				84BF0C782B12DC25000433C6 /* View */,
				84BF0C6F2B12D5A7000433C6 /* GoogleService-Info.plist */,
				84EF26722B12C3160006462E /* sndsApp.swift */,
				84EF26742B12C3160006462E /* ContentView.swift */,
				84EF26782B12C3180006462E /* Assets.xcassets */,
				84EF267A2B12C3180006462E /* Preview Content */,
				84ACAB562B148AEA00199B27 /* LoginState.swift */,
			);
			path = snds;
			sourceTree = "<group>";
		};
		84EF267A2B12C3180006462E /* Preview Content */ = {
			isa = PBXGroup;
			children = (
				84EF267B2B12C3180006462E /* Preview Assets.xcassets */,
			);
			path = "Preview Content";
			sourceTree = "<group>";
		};
		84EF26842B12C3180006462E /* sndsTests */ = {
			isa = PBXGroup;
			children = (
				84EF26852B12C3180006462E /* sndsTests.swift */,
			);
			path = sndsTests;
			sourceTree = "<group>";
		};
		84EF268E2B12C3180006462E /* sndsUITests */ = {
			isa = PBXGroup;
			children = (
				84EF268F2B12C3180006462E /* sndsUITests.swift */,
				84EF26912B12C3180006462E /* sndsUITestsLaunchTests.swift */,
			);
			path = sndsUITests;
			sourceTree = "<group>";
		};
/* End PBXGroup section */

/* Begin PBXNativeTarget section */
		84EF266E2B12C3160006462E /* snds */ = {
			isa = PBXNativeTarget;
			buildConfigurationList = 84EF26952B12C3180006462E /* Build configuration list for PBXNativeTarget "snds" */;
			buildPhases = (
				84EF266B2B12C3160006462E /* Sources */,
				84EF266C2B12C3160006462E /* Frameworks */,
				84EF266D2B12C3160006462E /* Resources */,
			);
			buildRules = (
			);
			dependencies = (
			);
			name = snds;
			packageProductDependencies = (
				84BF0C722B12D656000433C6 /* FirebaseAuth */,
				84BF0C742B12D656000433C6 /* FirebaseFirestore */,
				84BF0C762B12D656000433C6 /* FirebaseStorage */,
				84BF0C832B131C71000433C6 /* FirebaseFirestoreSwift */,
			);
			productName = snds;
			productReference = 84EF266F2B12C3160006462E /* snds.app */;
			productType = "com.apple.product-type.application";
		};
		84EF26802B12C3180006462E /* sndsTests */ = {
			isa = PBXNativeTarget;
			buildConfigurationList = 84EF26982B12C3180006462E /* Build configuration list for PBXNativeTarget "sndsTests" */;
			buildPhases = (
				84EF267D2B12C3180006462E /* Sources */,
				84EF267E2B12C3180006462E /* Frameworks */,
				84EF267F2B12C3180006462E /* Resources */,
			);
			buildRules = (
			);
			dependencies = (
				84EF26832B12C3180006462E /* PBXTargetDependency */,
			);
			name = sndsTests;
			productName = sndsTests;
			productReference = 84EF26812B12C3180006462E /* sndsTests.xctest */;
			productType = "com.apple.product-type.bundle.unit-test";
		};
		84EF268A2B12C3180006462E /* sndsUITests */ = {
			isa = PBXNativeTarget;
			buildConfigurationList = 84EF269B2B12C3180006462E /* Build configuration list for PBXNativeTarget "sndsUITests" */;
			buildPhases = (
				84EF26872B12C3180006462E /* Sources */,
				84EF26882B12C3180006462E /* Frameworks */,
				84EF26892B12C3180006462E /* Resources */,
			);
			buildRules = (
			);
			dependencies = (
				84EF268D2B12C3180006462E /* PBXTargetDependency */,
			);
			name = sndsUITests;
			productName = sndsUITests;
			productReference = 84EF268B2B12C3180006462E /* sndsUITests.xctest */;
			productType = "com.apple.product-type.bundle.ui-testing";
		};
/* End PBXNativeTarget section */

/* Begin PBXProject section */
		84EF26672B12C3160006462E /* Project object */ = {
			isa = PBXProject;
			attributes = {
				BuildIndependentTargetsInParallel = 1;
				LastSwiftUpdateCheck = 1500;
				LastUpgradeCheck = 1500;
				TargetAttributes = {
					84EF266E2B12C3160006462E = {
						CreatedOnToolsVersion = 15.0.1;
					};
					84EF26802B12C3180006462E = {
						CreatedOnToolsVersion = 15.0.1;
						TestTargetID = 84EF266E2B12C3160006462E;
					};
					84EF268A2B12C3180006462E = {
						CreatedOnToolsVersion = 15.0.1;
						TestTargetID = 84EF266E2B12C3160006462E;
					};
				};
			};
			buildConfigurationList = 84EF266A2B12C3160006462E /* Build configuration list for PBXProject "snds" */;
			compatibilityVersion = "Xcode 14.0";
			developmentRegion = en;
			hasScannedForEncodings = 0;
			knownRegions = (
				en,
				Base,
			);
			mainGroup = 84EF26662B12C3160006462E;
			packageReferences = (
				84BF0C712B12D656000433C6 /* XCRemoteSwiftPackageReference "firebase-ios-sdk" */,
			);
			productRefGroup = 84EF26702B12C3160006462E /* Products */;
			projectDirPath = "";
			projectRoot = "";
			targets = (
				84EF266E2B12C3160006462E /* snds */,
				84EF26802B12C3180006462E /* sndsTests */,
				84EF268A2B12C3180006462E /* sndsUITests */,
			);
		};
/* End PBXProject section */

/* Begin PBXResourcesBuildPhase section */
		84EF266D2B12C3160006462E /* Resources */ = {
			isa = PBXResourcesBuildPhase;
			buildActionMask = 2147483647;
			files = (
				84EF267C2B12C3180006462E /* Preview Assets.xcassets in Resources */,
				84EF26792B12C3180006462E /* Assets.xcassets in Resources */,
				84BF0C702B12D5A7000433C6 /* GoogleService-Info.plist in Resources */,
			);
			runOnlyForDeploymentPostprocessing = 0;
		};
		84EF267F2B12C3180006462E /* Resources */ = {
			isa = PBXResourcesBuildPhase;
			buildActionMask = 2147483647;
			files = (
			);
			runOnlyForDeploymentPostprocessing = 0;
		};
		84EF26892B12C3180006462E /* Resources */ = {
			isa = PBXResourcesBuildPhase;
			buildActionMask = 2147483647;
			files = (
			);
			runOnlyForDeploymentPostprocessing = 0;
		};
/* End PBXResourcesBuildPhase section */

/* Begin PBXSourcesBuildPhase section */
		84EF266B2B12C3160006462E /* Sources */ = {
			isa = PBXSourcesBuildPhase;
			buildActionMask = 2147483647;
			files = (
				846EF76C2B172B730090F4C1 /* MusicEmbed.swift in Sources */,
				84B6E68B2B1AEA6000AC5EA8 /* GeniusSvcs.swift in Sources */,
				84398CF22B15D66700BAB591 /* ProfileCard.swift in Sources */,
				84BF0C812B12FAF2000433C6 /* SignupView.swift in Sources */,
				84ACAB5B2B148CDD00199B27 /* MainView.swift in Sources */,
				84398CFA2B16D76700BAB591 /* PostsContainer.swift in Sources */,
				843EE4DD2B1AFB2A0067A221 /* SearchSongView.swift in Sources */,
				84EF26752B12C3160006462E /* ContentView.swift in Sources */,
				84398CEB2B15679100BAB591 /* DummyUser.swift in Sources */,
				84398CEF2B156CD800BAB591 /* ProfileView.swift in Sources */,
				843EE4E12B1B1D700067A221 /* Song.swift in Sources */,
				84398CF62B1671D200BAB591 /* NewPostView.swift in Sources */,
				84398CF42B15DE5400BAB591 /* UserContents.swift in Sources */,
				84BF0C7D2B12DE67000433C6 /* LoginView.swift in Sources */,
				84BF0C7F2B12F5BB000433C6 /* UIHelpers.swift in Sources */,
				84398CF82B1671EC00BAB591 /* Post.swift in Sources */,
				84398CFC2B16E09200BAB591 /* PostCard.swift in Sources */,
				84ACAB572B148AEA00199B27 /* LoginState.swift in Sources */,
				84E379152B1FF9A90081C603 /* WindowedProgressView.swift in Sources */,
				843EE4DF2B1B0E180067A221 /* FullGeniusAPIResp.swift in Sources */,
				84EF26732B12C3160006462E /* sndsApp.swift in Sources */,
				84398CED2B156BA800BAB591 /* PostsView.swift in Sources */,
				84BF0C862B132085000433C6 /* User.swift in Sources */,
			);
			runOnlyForDeploymentPostprocessing = 0;
		};
		84EF267D2B12C3180006462E /* Sources */ = {
			isa = PBXSourcesBuildPhase;
			buildActionMask = 2147483647;
			files = (
				84EF26862B12C3180006462E /* sndsTests.swift in Sources */,
			);
			runOnlyForDeploymentPostprocessing = 0;
		};
		84EF26872B12C3180006462E /* Sources */ = {
			isa = PBXSourcesBuildPhase;
			buildActionMask = 2147483647;
			files = (
				84EF26922B12C3180006462E /* sndsUITestsLaunchTests.swift in Sources */,
				84EF26902B12C3180006462E /* sndsUITests.swift in Sources */,
			);
			runOnlyForDeploymentPostprocessing = 0;
		};
/* End PBXSourcesBuildPhase section */

/* Begin PBXTargetDependency section */
		84EF26832B12C3180006462E /* PBXTargetDependency */ = {
			isa = PBXTargetDependency;
			target = 84EF266E2B12C3160006462E /* snds */;
			targetProxy = 84EF26822B12C3180006462E /* PBXContainerItemProxy */;
		};
		84EF268D2B12C3180006462E /* PBXTargetDependency */ = {
			isa = PBXTargetDependency;
			target = 84EF266E2B12C3160006462E /* snds */;
			targetProxy = 84EF268C2B12C3180006462E /* PBXContainerItemProxy */;
		};
/* End PBXTargetDependency section */

/* Begin XCBuildConfiguration section */
		84EF26932B12C3180006462E /* Debug */ = {
			isa = XCBuildConfiguration;
			buildSettings = {
				ALWAYS_SEARCH_USER_PATHS = NO;
				ASSETCATALOG_COMPILER_GENERATE_SWIFT_ASSET_SYMBOL_EXTENSIONS = YES;
				CLANG_ANALYZER_NONNULL = YES;
				CLANG_ANALYZER_NUMBER_OBJECT_CONVERSION = YES_AGGRESSIVE;
				CLANG_CXX_LANGUAGE_STANDARD = "gnu++20";
				CLANG_ENABLE_MODULES = YES;
				CLANG_ENABLE_OBJC_ARC = YES;
				CLANG_ENABLE_OBJC_WEAK = YES;
				CLANG_WARN_BLOCK_CAPTURE_AUTORELEASING = YES;
				CLANG_WARN_BOOL_CONVERSION = YES;
				CLANG_WARN_COMMA = YES;
				CLANG_WARN_CONSTANT_CONVERSION = YES;
				CLANG_WARN_DEPRECATED_OBJC_IMPLEMENTATIONS = YES;
				CLANG_WARN_DIRECT_OBJC_ISA_USAGE = YES_ERROR;
				CLANG_WARN_DOCUMENTATION_COMMENTS = YES;
				CLANG_WARN_EMPTY_BODY = YES;
				CLANG_WARN_ENUM_CONVERSION = YES;
				CLANG_WARN_INFINITE_RECURSION = YES;
				CLANG_WARN_INT_CONVERSION = YES;
				CLANG_WARN_NON_LITERAL_NULL_CONVERSION = YES;
				CLANG_WARN_OBJC_IMPLICIT_RETAIN_SELF = YES;
				CLANG_WARN_OBJC_LITERAL_CONVERSION = YES;
				CLANG_WARN_OBJC_ROOT_CLASS = YES_ERROR;
				CLANG_WARN_QUOTED_INCLUDE_IN_FRAMEWORK_HEADER = YES;
				CLANG_WARN_RANGE_LOOP_ANALYSIS = YES;
				CLANG_WARN_STRICT_PROTOTYPES = YES;
				CLANG_WARN_SUSPICIOUS_MOVE = YES;
				CLANG_WARN_UNGUARDED_AVAILABILITY = YES_AGGRESSIVE;
				CLANG_WARN_UNREACHABLE_CODE = YES;
				CLANG_WARN__DUPLICATE_METHOD_MATCH = YES;
				COPY_PHASE_STRIP = NO;
				DEBUG_INFORMATION_FORMAT = dwarf;
				ENABLE_STRICT_OBJC_MSGSEND = YES;
				ENABLE_TESTABILITY = YES;
				ENABLE_USER_SCRIPT_SANDBOXING = YES;
				GCC_C_LANGUAGE_STANDARD = gnu17;
				GCC_DYNAMIC_NO_PIC = NO;
				GCC_NO_COMMON_BLOCKS = YES;
				GCC_OPTIMIZATION_LEVEL = 0;
				GCC_PREPROCESSOR_DEFINITIONS = (
					"DEBUG=1",
					"$(inherited)",
				);
				GCC_WARN_64_TO_32_BIT_CONVERSION = YES;
				GCC_WARN_ABOUT_RETURN_TYPE = YES_ERROR;
				GCC_WARN_UNDECLARED_SELECTOR = YES;
				GCC_WARN_UNINITIALIZED_AUTOS = YES_AGGRESSIVE;
				GCC_WARN_UNUSED_FUNCTION = YES;
				GCC_WARN_UNUSED_VARIABLE = YES;
				IPHONEOS_DEPLOYMENT_TARGET = 17.0;
				LOCALIZATION_PREFERS_STRING_CATALOGS = YES;
				MTL_ENABLE_DEBUG_INFO = INCLUDE_SOURCE;
				MTL_FAST_MATH = YES;
				ONLY_ACTIVE_ARCH = YES;
				SDKROOT = iphoneos;
				SWIFT_ACTIVE_COMPILATION_CONDITIONS = "DEBUG $(inherited)";
				SWIFT_OPTIMIZATION_LEVEL = "-Onone";
			};
			name = Debug;
		};
		84EF26942B12C3180006462E /* Release */ = {
			isa = XCBuildConfiguration;
			buildSettings = {
				ALWAYS_SEARCH_USER_PATHS = NO;
				ASSETCATALOG_COMPILER_GENERATE_SWIFT_ASSET_SYMBOL_EXTENSIONS = YES;
				CLANG_ANALYZER_NONNULL = YES;
				CLANG_ANALYZER_NUMBER_OBJECT_CONVERSION = YES_AGGRESSIVE;
				CLANG_CXX_LANGUAGE_STANDARD = "gnu++20";
				CLANG_ENABLE_MODULES = YES;
				CLANG_ENABLE_OBJC_ARC = YES;
				CLANG_ENABLE_OBJC_WEAK = YES;
				CLANG_WARN_BLOCK_CAPTURE_AUTORELEASING = YES;
				CLANG_WARN_BOOL_CONVERSION = YES;
				CLANG_WARN_COMMA = YES;
				CLANG_WARN_CONSTANT_CONVERSION = YES;
				CLANG_WARN_DEPRECATED_OBJC_IMPLEMENTATIONS = YES;
				CLANG_WARN_DIRECT_OBJC_ISA_USAGE = YES_ERROR;
				CLANG_WARN_DOCUMENTATION_COMMENTS = YES;
				CLANG_WARN_EMPTY_BODY = YES;
				CLANG_WARN_ENUM_CONVERSION = YES;
				CLANG_WARN_INFINITE_RECURSION = YES;
				CLANG_WARN_INT_CONVERSION = YES;
				CLANG_WARN_NON_LITERAL_NULL_CONVERSION = YES;
				CLANG_WARN_OBJC_IMPLICIT_RETAIN_SELF = YES;
				CLANG_WARN_OBJC_LITERAL_CONVERSION = YES;
				CLANG_WARN_OBJC_ROOT_CLASS = YES_ERROR;
				CLANG_WARN_QUOTED_INCLUDE_IN_FRAMEWORK_HEADER = YES;
				CLANG_WARN_RANGE_LOOP_ANALYSIS = YES;
				CLANG_WARN_STRICT_PROTOTYPES = YES;
				CLANG_WARN_SUSPICIOUS_MOVE = YES;
				CLANG_WARN_UNGUARDED_AVAILABILITY = YES_AGGRESSIVE;
				CLANG_WARN_UNREACHABLE_CODE = YES;
				CLANG_WARN__DUPLICATE_METHOD_MATCH = YES;
				COPY_PHASE_STRIP = NO;
				DEBUG_INFORMATION_FORMAT = "dwarf-with-dsym";
				ENABLE_NS_ASSERTIONS = NO;
				ENABLE_STRICT_OBJC_MSGSEND = YES;
				ENABLE_USER_SCRIPT_SANDBOXING = YES;
				GCC_C_LANGUAGE_STANDARD = gnu17;
				GCC_NO_COMMON_BLOCKS = YES;
				GCC_WARN_64_TO_32_BIT_CONVERSION = YES;
				GCC_WARN_ABOUT_RETURN_TYPE = YES_ERROR;
				GCC_WARN_UNDECLARED_SELECTOR = YES;
				GCC_WARN_UNINITIALIZED_AUTOS = YES_AGGRESSIVE;
				GCC_WARN_UNUSED_FUNCTION = YES;
				GCC_WARN_UNUSED_VARIABLE = YES;
				IPHONEOS_DEPLOYMENT_TARGET = 17.0;
				LOCALIZATION_PREFERS_STRING_CATALOGS = YES;
				MTL_ENABLE_DEBUG_INFO = NO;
				MTL_FAST_MATH = YES;
				SDKROOT = iphoneos;
				SWIFT_COMPILATION_MODE = wholemodule;
				VALIDATE_PRODUCT = YES;
			};
			name = Release;
		};
		84EF26962B12C3180006462E /* Debug */ = {
			isa = XCBuildConfiguration;
			buildSettings = {
				ASSETCATALOG_COMPILER_APPICON_NAME = AppIcon;
				ASSETCATALOG_COMPILER_GLOBAL_ACCENT_COLOR_NAME = AccentColor;
				CODE_SIGN_STYLE = Automatic;
				CURRENT_PROJECT_VERSION = 1;
				DEVELOPMENT_ASSET_PATHS = "\"snds/Preview Content\"";
				DEVELOPMENT_TEAM = 3FMQ332NMJ;
				ENABLE_PREVIEWS = YES;
				GENERATE_INFOPLIST_FILE = YES;
				INFOPLIST_KEY_UIApplicationSceneManifest_Generation = YES;
				INFOPLIST_KEY_UIApplicationSupportsIndirectInputEvents = YES;
				INFOPLIST_KEY_UILaunchScreen_Generation = YES;
				INFOPLIST_KEY_UISupportedInterfaceOrientations_iPad = "UIInterfaceOrientationPortrait UIInterfaceOrientationPortraitUpsideDown UIInterfaceOrientationLandscapeLeft UIInterfaceOrientationLandscapeRight";
				INFOPLIST_KEY_UISupportedInterfaceOrientations_iPhone = "UIInterfaceOrientationPortrait UIInterfaceOrientationLandscapeLeft UIInterfaceOrientationLandscapeRight";
				LD_RUNPATH_SEARCH_PATHS = (
					"$(inherited)",
					"@executable_path/Frameworks",
				);
				MARKETING_VERSION = 1.0;
				PRODUCT_BUNDLE_IDENTIFIER = cliu18.sfsu.edu.snds;
				PRODUCT_NAME = "$(TARGET_NAME)";
				SWIFT_EMIT_LOC_STRINGS = YES;
				SWIFT_VERSION = 5.0;
				TARGETED_DEVICE_FAMILY = "1,2";
			};
			name = Debug;
		};
		84EF26972B12C3180006462E /* Release */ = {
			isa = XCBuildConfiguration;
			buildSettings = {
				ASSETCATALOG_COMPILER_APPICON_NAME = AppIcon;
				ASSETCATALOG_COMPILER_GLOBAL_ACCENT_COLOR_NAME = AccentColor;
				CODE_SIGN_STYLE = Automatic;
				CURRENT_PROJECT_VERSION = 1;
				DEVELOPMENT_ASSET_PATHS = "\"snds/Preview Content\"";
				DEVELOPMENT_TEAM = 3FMQ332NMJ;
				ENABLE_PREVIEWS = YES;
				GENERATE_INFOPLIST_FILE = YES;
				INFOPLIST_KEY_UIApplicationSceneManifest_Generation = YES;
				INFOPLIST_KEY_UIApplicationSupportsIndirectInputEvents = YES;
				INFOPLIST_KEY_UILaunchScreen_Generation = YES;
				INFOPLIST_KEY_UISupportedInterfaceOrientations_iPad = "UIInterfaceOrientationPortrait UIInterfaceOrientationPortraitUpsideDown UIInterfaceOrientationLandscapeLeft UIInterfaceOrientationLandscapeRight";
				INFOPLIST_KEY_UISupportedInterfaceOrientations_iPhone = "UIInterfaceOrientationPortrait UIInterfaceOrientationLandscapeLeft UIInterfaceOrientationLandscapeRight";
				LD_RUNPATH_SEARCH_PATHS = (
					"$(inherited)",
					"@executable_path/Frameworks",
				);
				MARKETING_VERSION = 1.0;
				PRODUCT_BUNDLE_IDENTIFIER = cliu18.sfsu.edu.snds;
				PRODUCT_NAME = "$(TARGET_NAME)";
				SWIFT_EMIT_LOC_STRINGS = YES;
				SWIFT_VERSION = 5.0;
				TARGETED_DEVICE_FAMILY = "1,2";
			};
			name = Release;
		};
		84EF26992B12C3180006462E /* Debug */ = {
			isa = XCBuildConfiguration;
			buildSettings = {
				ALWAYS_EMBED_SWIFT_STANDARD_LIBRARIES = YES;
				BUNDLE_LOADER = "$(TEST_HOST)";
				CODE_SIGN_STYLE = Automatic;
				CURRENT_PROJECT_VERSION = 1;
				DEVELOPMENT_TEAM = 3FMQ332NMJ;
				GENERATE_INFOPLIST_FILE = YES;
				IPHONEOS_DEPLOYMENT_TARGET = 17.0;
				MARKETING_VERSION = 1.0;
				PRODUCT_BUNDLE_IDENTIFIER = cliu18.sfsu.edu.sndsTests;
				PRODUCT_NAME = "$(TARGET_NAME)";
				SWIFT_EMIT_LOC_STRINGS = NO;
				SWIFT_VERSION = 5.0;
				TARGETED_DEVICE_FAMILY = "1,2";
				TEST_HOST = "$(BUILT_PRODUCTS_DIR)/snds.app/$(BUNDLE_EXECUTABLE_FOLDER_PATH)/snds";
			};
			name = Debug;
		};
		84EF269A2B12C3180006462E /* Release */ = {
			isa = XCBuildConfiguration;
			buildSettings = {
				ALWAYS_EMBED_SWIFT_STANDARD_LIBRARIES = YES;
				BUNDLE_LOADER = "$(TEST_HOST)";
				CODE_SIGN_STYLE = Automatic;
				CURRENT_PROJECT_VERSION = 1;
				DEVELOPMENT_TEAM = 3FMQ332NMJ;
				GENERATE_INFOPLIST_FILE = YES;
				IPHONEOS_DEPLOYMENT_TARGET = 17.0;
				MARKETING_VERSION = 1.0;
				PRODUCT_BUNDLE_IDENTIFIER = cliu18.sfsu.edu.sndsTests;
				PRODUCT_NAME = "$(TARGET_NAME)";
				SWIFT_EMIT_LOC_STRINGS = NO;
				SWIFT_VERSION = 5.0;
				TARGETED_DEVICE_FAMILY = "1,2";
				TEST_HOST = "$(BUILT_PRODUCTS_DIR)/snds.app/$(BUNDLE_EXECUTABLE_FOLDER_PATH)/snds";
			};
			name = Release;
		};
		84EF269C2B12C3180006462E /* Debug */ = {
			isa = XCBuildConfiguration;
			buildSettings = {
				ALWAYS_EMBED_SWIFT_STANDARD_LIBRARIES = YES;
				CODE_SIGN_STYLE = Automatic;
				CURRENT_PROJECT_VERSION = 1;
				DEVELOPMENT_TEAM = 3FMQ332NMJ;
				GENERATE_INFOPLIST_FILE = YES;
				MARKETING_VERSION = 1.0;
				PRODUCT_BUNDLE_IDENTIFIER = cliu18.sfsu.edu.sndsUITests;
				PRODUCT_NAME = "$(TARGET_NAME)";
				SWIFT_EMIT_LOC_STRINGS = NO;
				SWIFT_VERSION = 5.0;
				TARGETED_DEVICE_FAMILY = "1,2";
				TEST_TARGET_NAME = snds;
			};
			name = Debug;
		};
		84EF269D2B12C3180006462E /* Release */ = {
			isa = XCBuildConfiguration;
			buildSettings = {
				ALWAYS_EMBED_SWIFT_STANDARD_LIBRARIES = YES;
				CODE_SIGN_STYLE = Automatic;
				CURRENT_PROJECT_VERSION = 1;
				DEVELOPMENT_TEAM = 3FMQ332NMJ;
				GENERATE_INFOPLIST_FILE = YES;
				MARKETING_VERSION = 1.0;
				PRODUCT_BUNDLE_IDENTIFIER = cliu18.sfsu.edu.sndsUITests;
				PRODUCT_NAME = "$(TARGET_NAME)";
				SWIFT_EMIT_LOC_STRINGS = NO;
				SWIFT_VERSION = 5.0;
				TARGETED_DEVICE_FAMILY = "1,2";
				TEST_TARGET_NAME = snds;
			};
			name = Release;
		};
/* End XCBuildConfiguration section */

/* Begin XCConfigurationList section */
		84EF266A2B12C3160006462E /* Build configuration list for PBXProject "snds" */ = {
			isa = XCConfigurationList;
			buildConfigurations = (
				84EF26932B12C3180006462E /* Debug */,
				84EF26942B12C3180006462E /* Release */,
			);
			defaultConfigurationIsVisible = 0;
			defaultConfigurationName = Release;
		};
		84EF26952B12C3180006462E /* Build configuration list for PBXNativeTarget "snds" */ = {
			isa = XCConfigurationList;
			buildConfigurations = (
				84EF26962B12C3180006462E /* Debug */,
				84EF26972B12C3180006462E /* Release */,
			);
			defaultConfigurationIsVisible = 0;
			defaultConfigurationName = Release;
		};
		84EF26982B12C3180006462E /* Build configuration list for PBXNativeTarget "sndsTests" */ = {
			isa = XCConfigurationList;
			buildConfigurations = (
				84EF26992B12C3180006462E /* Debug */,
				84EF269A2B12C3180006462E /* Release */,
			);
			defaultConfigurationIsVisible = 0;
			defaultConfigurationName = Release;
		};
		84EF269B2B12C3180006462E /* Build configuration list for PBXNativeTarget "sndsUITests" */ = {
			isa = XCConfigurationList;
			buildConfigurations = (
				84EF269C2B12C3180006462E /* Debug */,
				84EF269D2B12C3180006462E /* Release */,
			);
			defaultConfigurationIsVisible = 0;
			defaultConfigurationName = Release;
		};
/* End XCConfigurationList section */

/* Begin XCRemoteSwiftPackageReference section */
		84BF0C712B12D656000433C6 /* XCRemoteSwiftPackageReference "firebase-ios-sdk" */ = {
			isa = XCRemoteSwiftPackageReference;
			repositoryURL = "https://github.com/firebase/firebase-ios-sdk";
			requirement = {
				kind = upToNextMajorVersion;
				minimumVersion = 10.18.0;
			};
		};
/* End XCRemoteSwiftPackageReference section */

/* Begin XCSwiftPackageProductDependency section */
		84BF0C722B12D656000433C6 /* FirebaseAuth */ = {
			isa = XCSwiftPackageProductDependency;
			package = 84BF0C712B12D656000433C6 /* XCRemoteSwiftPackageReference "firebase-ios-sdk" */;
			productName = FirebaseAuth;
		};
		84BF0C742B12D656000433C6 /* FirebaseFirestore */ = {
			isa = XCSwiftPackageProductDependency;
			package = 84BF0C712B12D656000433C6 /* XCRemoteSwiftPackageReference "firebase-ios-sdk" */;
			productName = FirebaseFirestore;
		};
		84BF0C762B12D656000433C6 /* FirebaseStorage */ = {
			isa = XCSwiftPackageProductDependency;
			package = 84BF0C712B12D656000433C6 /* XCRemoteSwiftPackageReference "firebase-ios-sdk" */;
			productName = FirebaseStorage;
		};
		84BF0C832B131C71000433C6 /* FirebaseFirestoreSwift */ = {
			isa = XCSwiftPackageProductDependency;
			package = 84BF0C712B12D656000433C6 /* XCRemoteSwiftPackageReference "firebase-ios-sdk" */;
			productName = FirebaseFirestoreSwift;
		};
/* End XCSwiftPackageProductDependency section */
	};
	rootObject = 84EF26672B12C3160006462E /* Project object */;
}
